# This file is autogenerated, do not edit; changes may be undone by the next 'dep ensure'.


[[projects]]
  branch = "master"
  digest = "1:376e5a9fdb57657725ff19b4c510c3f5e1f804ab4ab0ff3064d8f4dc01e40fe2"
  name = "github.com/dimfeld/httppath"
  packages = ["."]
  pruneopts = "UT"
  revision = "ee938bf735983d53694d79138ad9820efff94c92"

[[projects]]
  digest = "1:23ccf428ff2913b0ac0867811f0c96c075e1f020e70ed71919e41b98e8c6a9d2"
  name = "github.com/goadesign/goa"
  packages = [
    "design",
    "design/apidsl",
    "dslengine",
  ]
  pruneopts = "UT"
  revision = "e01bb31dd9403fa9d40747e1f93345bc96ea675e"
  version = "v1.4.0"

[[projects]]
  branch = "master"
  digest = "1:393f23e872c9141dbe315c428dc3eac9406f029be7ab0e1cae2374486c07aa54"
  name = "github.com/manveru/faker"
  packages = ["."]
  pruneopts = "UT"
  revision = "9fbc68a78c4dbc7914e1a23f88f126bea4383b97"

[[projects]]
  digest = "1:ff6b0586c0621a76832cf783eee58cbb9d9795d2ce8acbc199a4131db11c42a9"
  name = "github.com/satori/go.uuid"
  packages = ["."]
  pruneopts = "UT"
  revision = "36e9d2ebbde5e3f13ab2e25625fd453271d6522e"

[[projects]]
  branch = "master"
  digest = "1:6f7f5a5452e6dc8b0665b0fd2b779c3c6b7e70a121e0661aeb03daef7baae58d"
  name = "github.com/zach-klippenstein/goregen"
  packages = ["."]
  pruneopts = "UT"
  revision = "795b5e3961ea1912fde60af417ad85e86acc0d6a"

[solve-meta]
  analyzer-name = "dep"
  analyzer-version = 1
  input-imports = [
    "github.com/goadesign/goa/design",
    "github.com/goadesign/goa/design/apidsl",
  ]
  solver-name = "gps-cdcl"
  solver-version = 1
